// !$*UTF8*$!
{
	archiveVersion = 1;
	classes = {
	};
	objectVersion = 53;
	objects = {

/* Begin PBXBuildFile section */
		3D83676592F90B38741E26DD /* Pods_InstaGLAMTests.framework in Frameworks */ = {isa = PBXBuildFile; fileRef = 87D991B9A057B457DFFEFDDF /* Pods_InstaGLAMTests.framework */; };
		A2A305912BFFA207791EA9C4 /* Pods_InstaGLAM.framework in Frameworks */ = {isa = PBXBuildFile; fileRef = 5ED9E5A5707EA79EA9B540C7 /* Pods_InstaGLAM.framework */; };
		B41688DA268E6CFC0069D938 /* AppDelegate.swift in Sources */ = {isa = PBXBuildFile; fileRef = B41688D9268E6CFC0069D938 /* AppDelegate.swift */; };
		B41688DC268E6CFC0069D938 /* SceneDelegate.swift in Sources */ = {isa = PBXBuildFile; fileRef = B41688DB268E6CFC0069D938 /* SceneDelegate.swift */; };
		B41688DE268E6CFC0069D938 /* HomeViewController.swift in Sources */ = {isa = PBXBuildFile; fileRef = B41688DD268E6CFC0069D938 /* HomeViewController.swift */; };
		B41688E1268E6CFC0069D938 /* Main.storyboard in Resources */ = {isa = PBXBuildFile; fileRef = B41688DF268E6CFC0069D938 /* Main.storyboard */; };
		B41688E3268E6CFE0069D938 /* Assets.xcassets in Resources */ = {isa = PBXBuildFile; fileRef = B41688E2268E6CFE0069D938 /* Assets.xcassets */; };
		B41688E6268E6CFE0069D938 /* LaunchScreen.storyboard in Resources */ = {isa = PBXBuildFile; fileRef = B41688E4268E6CFE0069D938 /* LaunchScreen.storyboard */; };
		B41688F1268E6CFF0069D938 /* InstaGLAMTests.swift in Sources */ = {isa = PBXBuildFile; fileRef = B41688F0268E6CFF0069D938 /* InstaGLAMTests.swift */; };
		B41688FB268E6CFF0069D938 /* InstaGLAMUITests.swift in Sources */ = {isa = PBXBuildFile; fileRef = B41688FA268E6CFF0069D938 /* InstaGLAMUITests.swift */; };
		B416890F268E6FA30069D938 /* ExploreViewController.swift in Sources */ = {isa = PBXBuildFile; fileRef = B416890E268E6FA30069D938 /* ExploreViewController.swift */; };
		B4168911268E6FBF0069D938 /* PostsViewController.swift in Sources */ = {isa = PBXBuildFile; fileRef = B4168910268E6FBF0069D938 /* PostsViewController.swift */; };
		B4168913268E6FCB0069D938 /* NotificationViewController.swift in Sources */ = {isa = PBXBuildFile; fileRef = B4168912268E6FCB0069D938 /* NotificationViewController.swift */; };
		B4168915268E6FD70069D938 /* ProfileViewController.swift in Sources */ = {isa = PBXBuildFile; fileRef = B4168914268E6FD70069D938 /* ProfileViewController.swift */; };
		B416891A268E70790069D938 /* LoginViewController.swift in Sources */ = {isa = PBXBuildFile; fileRef = B4168919268E70790069D938 /* LoginViewController.swift */; };
		B416891C268E70A20069D938 /* SignUpViewController.swift in Sources */ = {isa = PBXBuildFile; fileRef = B416891B268E70A20069D938 /* SignUpViewController.swift */; };
		B416891E268E71610069D938 /* PostDetailsViewController.swift in Sources */ = {isa = PBXBuildFile; fileRef = B416891D268E71610069D938 /* PostDetailsViewController.swift */; };
		B4168920268E71A60069D938 /* EditProfileViewController.swift in Sources */ = {isa = PBXBuildFile; fileRef = B416891F268E71A60069D938 /* EditProfileViewController.swift */; };
		B4168922268E71CA0069D938 /* SettingsViewController.swift in Sources */ = {isa = PBXBuildFile; fileRef = B4168921268E71CA0069D938 /* SettingsViewController.swift */; };
		B4168924268E720A0069D938 /* FollowListViewController.swift in Sources */ = {isa = PBXBuildFile; fileRef = B4168923268E720A0069D938 /* FollowListViewController.swift */; };
		B4168926268E72360069D938 /* SearchViewController.swift in Sources */ = {isa = PBXBuildFile; fileRef = B4168925268E72360069D938 /* SearchViewController.swift */; };
		B4168928268E72490069D938 /* SearchResultViewController.swift in Sources */ = {isa = PBXBuildFile; fileRef = B4168927268E72490069D938 /* SearchResultViewController.swift */; };
		B416892A268E729F0069D938 /* EditPostsViewController.swift in Sources */ = {isa = PBXBuildFile; fileRef = B4168929268E729F0069D938 /* EditPostsViewController.swift */; };
		B416892C268E72B70069D938 /* PublishPostsViewController.swift in Sources */ = {isa = PBXBuildFile; fileRef = B416892B268E72B70069D938 /* PublishPostsViewController.swift */; };
		B416892E268E74DD0069D938 /* Home.storyboard in Resources */ = {isa = PBXBuildFile; fileRef = B416892D268E74DD0069D938 /* Home.storyboard */; };
		B4168930268E74E90069D938 /* Explore.storyboard in Resources */ = {isa = PBXBuildFile; fileRef = B416892F268E74E90069D938 /* Explore.storyboard */; };
		B4168932268E75010069D938 /* Posts.storyboard in Resources */ = {isa = PBXBuildFile; fileRef = B4168931268E75010069D938 /* Posts.storyboard */; };
		B4168934268E750B0069D938 /* Notification.storyboard in Resources */ = {isa = PBXBuildFile; fileRef = B4168933268E750B0069D938 /* Notification.storyboard */; };
		B4168936268E75130069D938 /* Profile.storyboard in Resources */ = {isa = PBXBuildFile; fileRef = B4168935268E75130069D938 /* Profile.storyboard */; };
		B4168939268E76FF0069D938 /* UIView+Extension.swift in Sources */ = {isa = PBXBuildFile; fileRef = B4168938268E76FF0069D938 /* UIView+Extension.swift */; };
		B416893B268E772E0069D938 /* UIViewController+Extension.swift in Sources */ = {isa = PBXBuildFile; fileRef = B416893A268E772E0069D938 /* UIViewController+Extension.swift */; };
		B416893D268E775A0069D938 /* String+Extension.swift in Sources */ = {isa = PBXBuildFile; fileRef = B416893C268E775A0069D938 /* String+Extension.swift */; };
		B416893F268E89300069D938 /* GoogleService-Info.plist in Resources */ = {isa = PBXBuildFile; fileRef = B416893E268E89300069D938 /* GoogleService-Info.plist */; };
		B4168945268E96310069D938 /* LoginResponse.swift in Sources */ = {isa = PBXBuildFile; fileRef = B4168944268E96310069D938 /* LoginResponse.swift */; };
		B4168949268E9A2B0069D938 /* HomeViewModel.swift in Sources */ = {isa = PBXBuildFile; fileRef = B4168948268E9A2B0069D938 /* HomeViewModel.swift */; };
		B416894B268E9B9E0069D938 /* DatabaseManager.swift in Sources */ = {isa = PBXBuildFile; fileRef = B416894A268E9B9E0069D938 /* DatabaseManager.swift */; };
		B416894E268EA0C90069D938 /* AuthManager.swift in Sources */ = {isa = PBXBuildFile; fileRef = B416894D268EA0C90069D938 /* AuthManager.swift */; };
		B4168950268EA1630069D938 /* StorageManager.swift in Sources */ = {isa = PBXBuildFile; fileRef = B416894F268EA1630069D938 /* StorageManager.swift */; };
		B4168953268EA2BE0069D938 /* FirebaseAnalytics in Frameworks */ = {isa = PBXBuildFile; productRef = B4168952268EA2BE0069D938 /* FirebaseAnalytics */; };
		B4168955268EA2BE0069D938 /* FirebaseAppDistribution-Beta in Frameworks */ = {isa = PBXBuildFile; productRef = B4168954268EA2BE0069D938 /* FirebaseAppDistribution-Beta */; };
		B4168957268EA2BE0069D938 /* FirebaseAuth in Frameworks */ = {isa = PBXBuildFile; productRef = B4168956268EA2BE0069D938 /* FirebaseAuth */; };
		B4168959268EA2BE0069D938 /* FirebaseCrashlytics in Frameworks */ = {isa = PBXBuildFile; productRef = B4168958268EA2BE0069D938 /* FirebaseCrashlytics */; };
		B416895B268EA2BE0069D938 /* FirebaseDatabase in Frameworks */ = {isa = PBXBuildFile; productRef = B416895A268EA2BE0069D938 /* FirebaseDatabase */; };
		B416895D268EA2BE0069D938 /* FirebaseDynamicLinks in Frameworks */ = {isa = PBXBuildFile; productRef = B416895C268EA2BE0069D938 /* FirebaseDynamicLinks */; };
		B416895F268EA2BE0069D938 /* FirebaseFirestore in Frameworks */ = {isa = PBXBuildFile; productRef = B416895E268EA2BE0069D938 /* FirebaseFirestore */; };
		B4168961268EA2BE0069D938 /* FirebaseFunctions in Frameworks */ = {isa = PBXBuildFile; productRef = B4168960268EA2BE0069D938 /* FirebaseFunctions */; };
		B4168963268EA2BE0069D938 /* FirebaseInAppMessaging-Beta in Frameworks */ = {isa = PBXBuildFile; productRef = B4168962268EA2BE0069D938 /* FirebaseInAppMessaging-Beta */; };
		B4168965268EA2BE0069D938 /* FirebaseInstallations in Frameworks */ = {isa = PBXBuildFile; productRef = B4168964268EA2BE0069D938 /* FirebaseInstallations */; };
		B4168967268EA2BE0069D938 /* FirebaseMLModelDownloader in Frameworks */ = {isa = PBXBuildFile; productRef = B4168966268EA2BE0069D938 /* FirebaseMLModelDownloader */; };
		B4168969268EA2BE0069D938 /* FirebaseMessaging in Frameworks */ = {isa = PBXBuildFile; productRef = B4168968268EA2BE0069D938 /* FirebaseMessaging */; };
		B416896B268EA2BE0069D938 /* FirebaseRemoteConfig in Frameworks */ = {isa = PBXBuildFile; productRef = B416896A268EA2BE0069D938 /* FirebaseRemoteConfig */; };
		B416896D268EA2BE0069D938 /* FirebaseStorage in Frameworks */ = {isa = PBXBuildFile; productRef = B416896C268EA2BE0069D938 /* FirebaseStorage */; };
		B4168970268EAB270069D938 /* IQKeyboardManagerSwift in Frameworks */ = {isa = PBXBuildFile; productRef = B416896F268EAB270069D938 /* IQKeyboardManagerSwift */; };
		B4168973268EACA60069D938 /* Kingfisher in Frameworks */ = {isa = PBXBuildFile; productRef = B4168972268EACA60069D938 /* Kingfisher */; };
		D4CFCAFCF026684372DEDBEC /* Pods_InstaGLAM_InstaGLAMUITests.framework in Frameworks */ = {isa = PBXBuildFile; fileRef = B67A30F020EE042C43E00C84 /* Pods_InstaGLAM_InstaGLAMUITests.framework */; };
/* End PBXBuildFile section */

/* Begin PBXContainerItemProxy section */
		B41688ED268E6CFF0069D938 /* PBXContainerItemProxy */ = {
			isa = PBXContainerItemProxy;
			containerPortal = B41688CE268E6CFB0069D938 /* Project object */;
			proxyType = 1;
			remoteGlobalIDString = B41688D5268E6CFC0069D938;
			remoteInfo = InstaGLAM;
		};
		B41688F7268E6CFF0069D938 /* PBXContainerItemProxy */ = {
			isa = PBXContainerItemProxy;
			containerPortal = B41688CE268E6CFB0069D938 /* Project object */;
			proxyType = 1;
			remoteGlobalIDString = B41688D5268E6CFC0069D938;
			remoteInfo = InstaGLAM;
		};
/* End PBXContainerItemProxy section */

/* Begin PBXFileReference section */
		1363DE9DFBC446B43A6254D2 /* Pods-InstaGLAM-InstaGLAMUITests.release.xcconfig */ = {isa = PBXFileReference; includeInIndex = 1; lastKnownFileType = text.xcconfig; name = "Pods-InstaGLAM-InstaGLAMUITests.release.xcconfig"; path = "Target Support Files/Pods-InstaGLAM-InstaGLAMUITests/Pods-InstaGLAM-InstaGLAMUITests.release.xcconfig"; sourceTree = "<group>"; };
		183916055D94657EDBE91352 /* Pods-InstaGLAM-InstaGLAMUITests.debug.xcconfig */ = {isa = PBXFileReference; includeInIndex = 1; lastKnownFileType = text.xcconfig; name = "Pods-InstaGLAM-InstaGLAMUITests.debug.xcconfig"; path = "Target Support Files/Pods-InstaGLAM-InstaGLAMUITests/Pods-InstaGLAM-InstaGLAMUITests.debug.xcconfig"; sourceTree = "<group>"; };
		21F1033A7019FCDC24D48F64 /* Pods-InstaGLAM.debug.xcconfig */ = {isa = PBXFileReference; includeInIndex = 1; lastKnownFileType = text.xcconfig; name = "Pods-InstaGLAM.debug.xcconfig"; path = "Target Support Files/Pods-InstaGLAM/Pods-InstaGLAM.debug.xcconfig"; sourceTree = "<group>"; };
		5AC1BEBBBE28A8F4B436CE81 /* Pods-InstaGLAMTests.debug.xcconfig */ = {isa = PBXFileReference; includeInIndex = 1; lastKnownFileType = text.xcconfig; name = "Pods-InstaGLAMTests.debug.xcconfig"; path = "Target Support Files/Pods-InstaGLAMTests/Pods-InstaGLAMTests.debug.xcconfig"; sourceTree = "<group>"; };
		5ED9E5A5707EA79EA9B540C7 /* Pods_InstaGLAM.framework */ = {isa = PBXFileReference; explicitFileType = wrapper.framework; includeInIndex = 0; path = Pods_InstaGLAM.framework; sourceTree = BUILT_PRODUCTS_DIR; };
		79C483CA3EF3B4E84BB53AF0 /* Pods-InstaGLAMTests.release.xcconfig */ = {isa = PBXFileReference; includeInIndex = 1; lastKnownFileType = text.xcconfig; name = "Pods-InstaGLAMTests.release.xcconfig"; path = "Target Support Files/Pods-InstaGLAMTests/Pods-InstaGLAMTests.release.xcconfig"; sourceTree = "<group>"; };
		87D991B9A057B457DFFEFDDF /* Pods_InstaGLAMTests.framework */ = {isa = PBXFileReference; explicitFileType = wrapper.framework; includeInIndex = 0; path = Pods_InstaGLAMTests.framework; sourceTree = BUILT_PRODUCTS_DIR; };
		B41688D6268E6CFC0069D938 /* InstaGLAM.app */ = {isa = PBXFileReference; explicitFileType = wrapper.application; includeInIndex = 0; path = InstaGLAM.app; sourceTree = BUILT_PRODUCTS_DIR; };
		B41688D9268E6CFC0069D938 /* AppDelegate.swift */ = {isa = PBXFileReference; lastKnownFileType = sourcecode.swift; path = AppDelegate.swift; sourceTree = "<group>"; };
		B41688DB268E6CFC0069D938 /* SceneDelegate.swift */ = {isa = PBXFileReference; lastKnownFileType = sourcecode.swift; path = SceneDelegate.swift; sourceTree = "<group>"; };
		B41688DD268E6CFC0069D938 /* HomeViewController.swift */ = {isa = PBXFileReference; lastKnownFileType = sourcecode.swift; path = HomeViewController.swift; sourceTree = "<group>"; };
		B41688E0268E6CFC0069D938 /* Base */ = {isa = PBXFileReference; lastKnownFileType = file.storyboard; name = Base; path = Base.lproj/Main.storyboard; sourceTree = "<group>"; };
		B41688E2268E6CFE0069D938 /* Assets.xcassets */ = {isa = PBXFileReference; lastKnownFileType = folder.assetcatalog; path = Assets.xcassets; sourceTree = "<group>"; };
		B41688E5268E6CFE0069D938 /* Base */ = {isa = PBXFileReference; lastKnownFileType = file.storyboard; name = Base; path = Base.lproj/LaunchScreen.storyboard; sourceTree = "<group>"; };
		B41688E7268E6CFE0069D938 /* Info.plist */ = {isa = PBXFileReference; lastKnownFileType = text.plist.xml; path = Info.plist; sourceTree = "<group>"; };
		B41688EC268E6CFF0069D938 /* InstaGLAMTests.xctest */ = {isa = PBXFileReference; explicitFileType = wrapper.cfbundle; includeInIndex = 0; path = InstaGLAMTests.xctest; sourceTree = BUILT_PRODUCTS_DIR; };
		B41688F0268E6CFF0069D938 /* InstaGLAMTests.swift */ = {isa = PBXFileReference; lastKnownFileType = sourcecode.swift; path = InstaGLAMTests.swift; sourceTree = "<group>"; };
		B41688F6268E6CFF0069D938 /* InstaGLAMUITests.xctest */ = {isa = PBXFileReference; explicitFileType = wrapper.cfbundle; includeInIndex = 0; path = InstaGLAMUITests.xctest; sourceTree = BUILT_PRODUCTS_DIR; };
		B41688FA268E6CFF0069D938 /* InstaGLAMUITests.swift */ = {isa = PBXFileReference; lastKnownFileType = sourcecode.swift; path = InstaGLAMUITests.swift; sourceTree = "<group>"; };
		B416890E268E6FA30069D938 /* ExploreViewController.swift */ = {isa = PBXFileReference; lastKnownFileType = sourcecode.swift; path = ExploreViewController.swift; sourceTree = "<group>"; };
		B4168910268E6FBF0069D938 /* PostsViewController.swift */ = {isa = PBXFileReference; lastKnownFileType = sourcecode.swift; path = PostsViewController.swift; sourceTree = "<group>"; };
		B4168912268E6FCB0069D938 /* NotificationViewController.swift */ = {isa = PBXFileReference; lastKnownFileType = sourcecode.swift; path = NotificationViewController.swift; sourceTree = "<group>"; };
		B4168914268E6FD70069D938 /* ProfileViewController.swift */ = {isa = PBXFileReference; lastKnownFileType = sourcecode.swift; path = ProfileViewController.swift; sourceTree = "<group>"; };
		B4168919268E70790069D938 /* LoginViewController.swift */ = {isa = PBXFileReference; lastKnownFileType = sourcecode.swift; path = LoginViewController.swift; sourceTree = "<group>"; };
		B416891B268E70A20069D938 /* SignUpViewController.swift */ = {isa = PBXFileReference; lastKnownFileType = sourcecode.swift; path = SignUpViewController.swift; sourceTree = "<group>"; };
		B416891D268E71610069D938 /* PostDetailsViewController.swift */ = {isa = PBXFileReference; lastKnownFileType = sourcecode.swift; path = PostDetailsViewController.swift; sourceTree = "<group>"; };
		B416891F268E71A60069D938 /* EditProfileViewController.swift */ = {isa = PBXFileReference; lastKnownFileType = sourcecode.swift; path = EditProfileViewController.swift; sourceTree = "<group>"; };
		B4168921268E71CA0069D938 /* SettingsViewController.swift */ = {isa = PBXFileReference; lastKnownFileType = sourcecode.swift; path = SettingsViewController.swift; sourceTree = "<group>"; };
		B4168923268E720A0069D938 /* FollowListViewController.swift */ = {isa = PBXFileReference; lastKnownFileType = sourcecode.swift; path = FollowListViewController.swift; sourceTree = "<group>"; };
		B4168925268E72360069D938 /* SearchViewController.swift */ = {isa = PBXFileReference; lastKnownFileType = sourcecode.swift; path = SearchViewController.swift; sourceTree = "<group>"; };
		B4168927268E72490069D938 /* SearchResultViewController.swift */ = {isa = PBXFileReference; lastKnownFileType = sourcecode.swift; path = SearchResultViewController.swift; sourceTree = "<group>"; };
		B4168929268E729F0069D938 /* EditPostsViewController.swift */ = {isa = PBXFileReference; lastKnownFileType = sourcecode.swift; path = EditPostsViewController.swift; sourceTree = "<group>"; };
		B416892B268E72B70069D938 /* PublishPostsViewController.swift */ = {isa = PBXFileReference; lastKnownFileType = sourcecode.swift; path = PublishPostsViewController.swift; sourceTree = "<group>"; };
		B416892D268E74DD0069D938 /* Home.storyboard */ = {isa = PBXFileReference; lastKnownFileType = file.storyboard; path = Home.storyboard; sourceTree = "<group>"; };
		B416892F268E74E90069D938 /* Explore.storyboard */ = {isa = PBXFileReference; lastKnownFileType = file.storyboard; path = Explore.storyboard; sourceTree = "<group>"; };
		B4168931268E75010069D938 /* Posts.storyboard */ = {isa = PBXFileReference; lastKnownFileType = file.storyboard; path = Posts.storyboard; sourceTree = "<group>"; };
		B4168933268E750B0069D938 /* Notification.storyboard */ = {isa = PBXFileReference; lastKnownFileType = file.storyboard; path = Notification.storyboard; sourceTree = "<group>"; };
		B4168935268E75130069D938 /* Profile.storyboard */ = {isa = PBXFileReference; lastKnownFileType = file.storyboard; path = Profile.storyboard; sourceTree = "<group>"; };
		B4168938268E76FF0069D938 /* UIView+Extension.swift */ = {isa = PBXFileReference; lastKnownFileType = sourcecode.swift; path = "UIView+Extension.swift"; sourceTree = "<group>"; };
		B416893A268E772E0069D938 /* UIViewController+Extension.swift */ = {isa = PBXFileReference; lastKnownFileType = sourcecode.swift; path = "UIViewController+Extension.swift"; sourceTree = "<group>"; };
		B416893C268E775A0069D938 /* String+Extension.swift */ = {isa = PBXFileReference; lastKnownFileType = sourcecode.swift; path = "String+Extension.swift"; sourceTree = "<group>"; };
		B416893E268E89300069D938 /* GoogleService-Info.plist */ = {isa = PBXFileReference; fileEncoding = 4; lastKnownFileType = text.plist.xml; path = "GoogleService-Info.plist"; sourceTree = "<group>"; };
		B4168944268E96310069D938 /* LoginResponse.swift */ = {isa = PBXFileReference; lastKnownFileType = sourcecode.swift; path = LoginResponse.swift; sourceTree = "<group>"; };
		B4168948268E9A2B0069D938 /* HomeViewModel.swift */ = {isa = PBXFileReference; lastKnownFileType = sourcecode.swift; path = HomeViewModel.swift; sourceTree = "<group>"; };
		B416894A268E9B9E0069D938 /* DatabaseManager.swift */ = {isa = PBXFileReference; lastKnownFileType = sourcecode.swift; path = DatabaseManager.swift; sourceTree = "<group>"; };
		B416894D268EA0C90069D938 /* AuthManager.swift */ = {isa = PBXFileReference; lastKnownFileType = sourcecode.swift; path = AuthManager.swift; sourceTree = "<group>"; };
		B416894F268EA1630069D938 /* StorageManager.swift */ = {isa = PBXFileReference; lastKnownFileType = sourcecode.swift; path = StorageManager.swift; sourceTree = "<group>"; };
		B67A30F020EE042C43E00C84 /* Pods_InstaGLAM_InstaGLAMUITests.framework */ = {isa = PBXFileReference; explicitFileType = wrapper.framework; includeInIndex = 0; path = Pods_InstaGLAM_InstaGLAMUITests.framework; sourceTree = BUILT_PRODUCTS_DIR; };
		DDE887724077B0FF61CDE711 /* Pods-InstaGLAM.release.xcconfig */ = {isa = PBXFileReference; includeInIndex = 1; lastKnownFileType = text.xcconfig; name = "Pods-InstaGLAM.release.xcconfig"; path = "Target Support Files/Pods-InstaGLAM/Pods-InstaGLAM.release.xcconfig"; sourceTree = "<group>"; };
/* End PBXFileReference section */

/* Begin PBXFrameworksBuildPhase section */
		B41688D3268E6CFC0069D938 /* Frameworks */ = {
			isa = PBXFrameworksBuildPhase;
			buildActionMask = 2147483647;
			files = (
				B4168965268EA2BE0069D938 /* FirebaseInstallations in Frameworks */,
				B416895B268EA2BE0069D938 /* FirebaseDatabase in Frameworks */,
				B4168953268EA2BE0069D938 /* FirebaseAnalytics in Frameworks */,
				B416896B268EA2BE0069D938 /* FirebaseRemoteConfig in Frameworks */,
				B4168967268EA2BE0069D938 /* FirebaseMLModelDownloader in Frameworks */,
				A2A305912BFFA207791EA9C4 /* Pods_InstaGLAM.framework in Frameworks */,
				B4168961268EA2BE0069D938 /* FirebaseFunctions in Frameworks */,
				B4168959268EA2BE0069D938 /* FirebaseCrashlytics in Frameworks */,
				B416896D268EA2BE0069D938 /* FirebaseStorage in Frameworks */,
				B4168970268EAB270069D938 /* IQKeyboardManagerSwift in Frameworks */,
				B4168955268EA2BE0069D938 /* FirebaseAppDistribution-Beta in Frameworks */,
				B4168969268EA2BE0069D938 /* FirebaseMessaging in Frameworks */,
				B416895F268EA2BE0069D938 /* FirebaseFirestore in Frameworks */,
				B416895D268EA2BE0069D938 /* FirebaseDynamicLinks in Frameworks */,
				B4168973268EACA60069D938 /* Kingfisher in Frameworks */,
				B4168957268EA2BE0069D938 /* FirebaseAuth in Frameworks */,
				B4168963268EA2BE0069D938 /* FirebaseInAppMessaging-Beta in Frameworks */,
			);
			runOnlyForDeploymentPostprocessing = 0;
		};
		B41688E9268E6CFF0069D938 /* Frameworks */ = {
			isa = PBXFrameworksBuildPhase;
			buildActionMask = 2147483647;
			files = (
				3D83676592F90B38741E26DD /* Pods_InstaGLAMTests.framework in Frameworks */,
			);
			runOnlyForDeploymentPostprocessing = 0;
		};
		B41688F3268E6CFF0069D938 /* Frameworks */ = {
			isa = PBXFrameworksBuildPhase;
			buildActionMask = 2147483647;
			files = (
				D4CFCAFCF026684372DEDBEC /* Pods_InstaGLAM_InstaGLAMUITests.framework in Frameworks */,
			);
			runOnlyForDeploymentPostprocessing = 0;
		};
/* End PBXFrameworksBuildPhase section */

/* Begin PBXGroup section */
		4B671F2EE85C6A85310DEE5D /* Frameworks */ = {
			isa = PBXGroup;
			children = (
				5ED9E5A5707EA79EA9B540C7 /* Pods_InstaGLAM.framework */,
				B67A30F020EE042C43E00C84 /* Pods_InstaGLAM_InstaGLAMUITests.framework */,
				87D991B9A057B457DFFEFDDF /* Pods_InstaGLAMTests.framework */,
			);
			name = Frameworks;
			sourceTree = "<group>";
		};
		B41688CD268E6CFB0069D938 = {
			isa = PBXGroup;
			children = (
				B41688D8268E6CFC0069D938 /* InstaGLAM */,
				B41688EF268E6CFF0069D938 /* InstaGLAMTests */,
				B41688F9268E6CFF0069D938 /* InstaGLAMUITests */,
				B41688D7268E6CFC0069D938 /* Products */,
				C4E2FE47F09C002FB1E35AC1 /* Pods */,
				4B671F2EE85C6A85310DEE5D /* Frameworks */,
			);
			sourceTree = "<group>";
		};
		B41688D7268E6CFC0069D938 /* Products */ = {
			isa = PBXGroup;
			children = (
				B41688D6268E6CFC0069D938 /* InstaGLAM.app */,
				B41688EC268E6CFF0069D938 /* InstaGLAMTests.xctest */,
				B41688F6268E6CFF0069D938 /* InstaGLAMUITests.xctest */,
			);
			name = Products;
			sourceTree = "<group>";
		};
		B41688D8268E6CFC0069D938 /* InstaGLAM */ = {
			isa = PBXGroup;
			children = (
				B4168907268E6E4E0069D938 /* App+Scene Delegate */,
				B416894C268E9BF00069D938 /* FirebaseManager */,
				B4168947268E9A1A0069D938 /* ViewModels */,
				B4168943268E96200069D938 /* Models */,
				B4168909268E6E680069D938 /* Controllers */,
				B4168908268E6E610069D938 /* Views */,
				B416890A268E6E6F0069D938 /* Resources */,
				B4168937268E762C0069D938 /* Helpers */,
			);
			path = InstaGLAM;
			sourceTree = "<group>";
		};
		B41688EF268E6CFF0069D938 /* InstaGLAMTests */ = {
			isa = PBXGroup;
			children = (
				B41688F0268E6CFF0069D938 /* InstaGLAMTests.swift */,
			);
			path = InstaGLAMTests;
			sourceTree = "<group>";
		};
		B41688F9268E6CFF0069D938 /* InstaGLAMUITests */ = {
			isa = PBXGroup;
			children = (
				B41688FA268E6CFF0069D938 /* InstaGLAMUITests.swift */,
			);
			path = InstaGLAMUITests;
			sourceTree = "<group>";
		};
		B4168907268E6E4E0069D938 /* App+Scene Delegate */ = {
			isa = PBXGroup;
			children = (
				B41688D9268E6CFC0069D938 /* AppDelegate.swift */,
				B41688DB268E6CFC0069D938 /* SceneDelegate.swift */,
			);
			path = "App+Scene Delegate";
			sourceTree = "<group>";
		};
		B4168908268E6E610069D938 /* Views */ = {
			isa = PBXGroup;
			children = (
				B416890D268E6F4F0069D938 /* Storyboards */,
			);
			path = Views;
			sourceTree = "<group>";
		};
		B4168909268E6E680069D938 /* Controllers */ = {
			isa = PBXGroup;
			children = (
				B4168916268E6FE40069D938 /* Core */,
				B4168917268E70330069D938 /* Others */,
			);
			path = Controllers;
			sourceTree = "<group>";
		};
		B416890A268E6E6F0069D938 /* Resources */ = {
			isa = PBXGroup;
			children = (
				B41688E7268E6CFE0069D938 /* Info.plist */,
				B416893E268E89300069D938 /* GoogleService-Info.plist */,
				B41688E2268E6CFE0069D938 /* Assets.xcassets */,
			);
			path = Resources;
			sourceTree = "<group>";
		};
		B416890D268E6F4F0069D938 /* Storyboards */ = {
			isa = PBXGroup;
			children = (
				B41688E4268E6CFE0069D938 /* LaunchScreen.storyboard */,
				B41688DF268E6CFC0069D938 /* Main.storyboard */,
				B416892D268E74DD0069D938 /* Home.storyboard */,
				B416892F268E74E90069D938 /* Explore.storyboard */,
				B4168931268E75010069D938 /* Posts.storyboard */,
				B4168933268E750B0069D938 /* Notification.storyboard */,
				B4168935268E75130069D938 /* Profile.storyboard */,
			);
			path = Storyboards;
			sourceTree = "<group>";
		};
		B4168916268E6FE40069D938 /* Core */ = {
			isa = PBXGroup;
			children = (
				B41688DD268E6CFC0069D938 /* HomeViewController.swift */,
				B416890E268E6FA30069D938 /* ExploreViewController.swift */,
				B4168910268E6FBF0069D938 /* PostsViewController.swift */,
				B4168912268E6FCB0069D938 /* NotificationViewController.swift */,
				B4168914268E6FD70069D938 /* ProfileViewController.swift */,
			);
			path = Core;
			sourceTree = "<group>";
		};
		B4168917268E70330069D938 /* Others */ = {
			isa = PBXGroup;
			children = (
				B4168918268E706B0069D938 /* Onboarding */,
				B4168946268E99C30069D938 /* General */,
			);
			path = Others;
			sourceTree = "<group>";
		};
		B4168918268E706B0069D938 /* Onboarding */ = {
			isa = PBXGroup;
			children = (
				B4168919268E70790069D938 /* LoginViewController.swift */,
				B416891B268E70A20069D938 /* SignUpViewController.swift */,
			);
			path = Onboarding;
			sourceTree = "<group>";
		};
		B4168937268E762C0069D938 /* Helpers */ = {
			isa = PBXGroup;
			children = (
				B4168938268E76FF0069D938 /* UIView+Extension.swift */,
				B416893A268E772E0069D938 /* UIViewController+Extension.swift */,
				B416893C268E775A0069D938 /* String+Extension.swift */,
			);
			path = Helpers;
			sourceTree = "<group>";
		};
		B4168943268E96200069D938 /* Models */ = {
			isa = PBXGroup;
			children = (
				B4168944268E96310069D938 /* LoginResponse.swift */,
			);
			path = Models;
			sourceTree = "<group>";
		};
		B4168946268E99C30069D938 /* General */ = {
			isa = PBXGroup;
			children = (
				B416891D268E71610069D938 /* PostDetailsViewController.swift */,
				B416891F268E71A60069D938 /* EditProfileViewController.swift */,
				B4168921268E71CA0069D938 /* SettingsViewController.swift */,
				B4168923268E720A0069D938 /* FollowListViewController.swift */,
				B4168925268E72360069D938 /* SearchViewController.swift */,
				B4168927268E72490069D938 /* SearchResultViewController.swift */,
				B4168929268E729F0069D938 /* EditPostsViewController.swift */,
				B416892B268E72B70069D938 /* PublishPostsViewController.swift */,
			);
			path = General;
			sourceTree = "<group>";
		};
		B4168947268E9A1A0069D938 /* ViewModels */ = {
			isa = PBXGroup;
			children = (
				B4168948268E9A2B0069D938 /* HomeViewModel.swift */,
			);
			path = ViewModels;
			sourceTree = "<group>";
		};
		B416894C268E9BF00069D938 /* FirebaseManager */ = {
			isa = PBXGroup;
			children = (
				B416894A268E9B9E0069D938 /* DatabaseManager.swift */,
				B416894D268EA0C90069D938 /* AuthManager.swift */,
				B416894F268EA1630069D938 /* StorageManager.swift */,
			);
			path = FirebaseManager;
			sourceTree = "<group>";
		};
		C4E2FE47F09C002FB1E35AC1 /* Pods */ = {
			isa = PBXGroup;
			children = (
				21F1033A7019FCDC24D48F64 /* Pods-InstaGLAM.debug.xcconfig */,
				DDE887724077B0FF61CDE711 /* Pods-InstaGLAM.release.xcconfig */,
				183916055D94657EDBE91352 /* Pods-InstaGLAM-InstaGLAMUITests.debug.xcconfig */,
				1363DE9DFBC446B43A6254D2 /* Pods-InstaGLAM-InstaGLAMUITests.release.xcconfig */,
				5AC1BEBBBE28A8F4B436CE81 /* Pods-InstaGLAMTests.debug.xcconfig */,
				79C483CA3EF3B4E84BB53AF0 /* Pods-InstaGLAMTests.release.xcconfig */,
			);
			path = Pods;
			sourceTree = "<group>";
		};
/* End PBXGroup section */

/* Begin PBXNativeTarget section */
		B41688D5268E6CFC0069D938 /* InstaGLAM */ = {
			isa = PBXNativeTarget;
			buildConfigurationList = B41688FE268E6CFF0069D938 /* Build configuration list for PBXNativeTarget "InstaGLAM" */;
			buildPhases = (
				E6B6002B9183AF7DF3822EF3 /* [CP] Check Pods Manifest.lock */,
				B41688D2268E6CFC0069D938 /* Sources */,
				B41688D3268E6CFC0069D938 /* Frameworks */,
				B41688D4268E6CFC0069D938 /* Resources */,
				5DE9D5D3075F99F77FD120AC /* [CP] Embed Pods Frameworks */,
			);
			buildRules = (
			);
			dependencies = (
			);
			name = InstaGLAM;
			packageProductDependencies = (
				B4168952268EA2BE0069D938 /* FirebaseAnalytics */,
				B4168954268EA2BE0069D938 /* FirebaseAppDistribution-Beta */,
				B4168956268EA2BE0069D938 /* FirebaseAuth */,
				B4168958268EA2BE0069D938 /* FirebaseCrashlytics */,
				B416895A268EA2BE0069D938 /* FirebaseDatabase */,
				B416895C268EA2BE0069D938 /* FirebaseDynamicLinks */,
				B416895E268EA2BE0069D938 /* FirebaseFirestore */,
				B4168960268EA2BE0069D938 /* FirebaseFunctions */,
				B4168962268EA2BE0069D938 /* FirebaseInAppMessaging-Beta */,
				B4168964268EA2BE0069D938 /* FirebaseInstallations */,
				B4168966268EA2BE0069D938 /* FirebaseMLModelDownloader */,
				B4168968268EA2BE0069D938 /* FirebaseMessaging */,
				B416896A268EA2BE0069D938 /* FirebaseRemoteConfig */,
				B416896C268EA2BE0069D938 /* FirebaseStorage */,
				B416896F268EAB270069D938 /* IQKeyboardManagerSwift */,
				B4168972268EACA60069D938 /* Kingfisher */,
			);
			productName = InstaGLAM;
			productReference = B41688D6268E6CFC0069D938 /* InstaGLAM.app */;
			productType = "com.apple.product-type.application";
		};
		B41688EB268E6CFF0069D938 /* InstaGLAMTests */ = {
			isa = PBXNativeTarget;
			buildConfigurationList = B4168901268E6CFF0069D938 /* Build configuration list for PBXNativeTarget "InstaGLAMTests" */;
			buildPhases = (
				20AB52E5FB768348EB91026D /* [CP] Check Pods Manifest.lock */,
				B41688E8268E6CFF0069D938 /* Sources */,
				B41688E9268E6CFF0069D938 /* Frameworks */,
				B41688EA268E6CFF0069D938 /* Resources */,
			);
			buildRules = (
			);
			dependencies = (
				B41688EE268E6CFF0069D938 /* PBXTargetDependency */,
			);
			name = InstaGLAMTests;
			productName = InstaGLAMTests;
			productReference = B41688EC268E6CFF0069D938 /* InstaGLAMTests.xctest */;
			productType = "com.apple.product-type.bundle.unit-test";
		};
		B41688F5268E6CFF0069D938 /* InstaGLAMUITests */ = {
			isa = PBXNativeTarget;
			buildConfigurationList = B4168904268E6CFF0069D938 /* Build configuration list for PBXNativeTarget "InstaGLAMUITests" */;
			buildPhases = (
				A36FA00B1BDF52DCB5934EFE /* [CP] Check Pods Manifest.lock */,
				B41688F2268E6CFF0069D938 /* Sources */,
				B41688F3268E6CFF0069D938 /* Frameworks */,
				B41688F4268E6CFF0069D938 /* Resources */,
				DD1099F539B140C8AA935979 /* [CP] Embed Pods Frameworks */,
			);
			buildRules = (
			);
			dependencies = (
				B41688F8268E6CFF0069D938 /* PBXTargetDependency */,
			);
			name = InstaGLAMUITests;
			productName = InstaGLAMUITests;
			productReference = B41688F6268E6CFF0069D938 /* InstaGLAMUITests.xctest */;
			productType = "com.apple.product-type.bundle.ui-testing";
		};
/* End PBXNativeTarget section */

/* Begin PBXProject section */
		B41688CE268E6CFB0069D938 /* Project object */ = {
			isa = PBXProject;
			attributes = {
				BuildIndependentTargetsInParallel = 1;
				LastSwiftUpdateCheck = 1300;
				LastUpgradeCheck = 1300;
				TargetAttributes = {
					B41688D5268E6CFC0069D938 = {
						CreatedOnToolsVersion = 13.0;
					};
					B41688EB268E6CFF0069D938 = {
						CreatedOnToolsVersion = 13.0;
						TestTargetID = B41688D5268E6CFC0069D938;
					};
					B41688F5268E6CFF0069D938 = {
						CreatedOnToolsVersion = 13.0;
						TestTargetID = B41688D5268E6CFC0069D938;
					};
				};
			};
			buildConfigurationList = B41688D1268E6CFB0069D938 /* Build configuration list for PBXProject "InstaGLAM" */;
			compatibilityVersion = "Xcode 9.3";
			developmentRegion = en;
			hasScannedForEncodings = 0;
			knownRegions = (
				en,
				Base,
			);
			mainGroup = B41688CD268E6CFB0069D938;
			packageReferences = (
				B4168951268EA2BE0069D938 /* XCRemoteSwiftPackageReference "firebase-ios-sdk" */,
				B416896E268EAB270069D938 /* XCRemoteSwiftPackageReference "IQKeyboardManager" */,
				B4168971268EACA60069D938 /* XCRemoteSwiftPackageReference "Kingfisher" */,
			);
			productRefGroup = B41688D7268E6CFC0069D938 /* Products */;
			projectDirPath = "";
			projectRoot = "";
			targets = (
				B41688D5268E6CFC0069D938 /* InstaGLAM */,
				B41688EB268E6CFF0069D938 /* InstaGLAMTests */,
				B41688F5268E6CFF0069D938 /* InstaGLAMUITests */,
			);
		};
/* End PBXProject section */

/* Begin PBXResourcesBuildPhase section */
		B41688D4268E6CFC0069D938 /* Resources */ = {
			isa = PBXResourcesBuildPhase;
			buildActionMask = 2147483647;
			files = (
				B4168932268E75010069D938 /* Posts.storyboard in Resources */,
				B41688E6268E6CFE0069D938 /* LaunchScreen.storyboard in Resources */,
				B416893F268E89300069D938 /* GoogleService-Info.plist in Resources */,
				B4168936268E75130069D938 /* Profile.storyboard in Resources */,
				B41688E3268E6CFE0069D938 /* Assets.xcassets in Resources */,
				B4168930268E74E90069D938 /* Explore.storyboard in Resources */,
				B41688E1268E6CFC0069D938 /* Main.storyboard in Resources */,
				B416892E268E74DD0069D938 /* Home.storyboard in Resources */,
				B4168934268E750B0069D938 /* Notification.storyboard in Resources */,
			);
			runOnlyForDeploymentPostprocessing = 0;
		};
		B41688EA268E6CFF0069D938 /* Resources */ = {
			isa = PBXResourcesBuildPhase;
			buildActionMask = 2147483647;
			files = (
			);
			runOnlyForDeploymentPostprocessing = 0;
		};
		B41688F4268E6CFF0069D938 /* Resources */ = {
			isa = PBXResourcesBuildPhase;
			buildActionMask = 2147483647;
			files = (
			);
			runOnlyForDeploymentPostprocessing = 0;
		};
/* End PBXResourcesBuildPhase section */

/* Begin PBXShellScriptBuildPhase section */
		20AB52E5FB768348EB91026D /* [CP] Check Pods Manifest.lock */ = {
			isa = PBXShellScriptBuildPhase;
			buildActionMask = 2147483647;
			files = (
			);
			inputFileListPaths = (
			);
			inputPaths = (
				"${PODS_PODFILE_DIR_PATH}/Podfile.lock",
				"${PODS_ROOT}/Manifest.lock",
			);
			name = "[CP] Check Pods Manifest.lock";
			outputFileListPaths = (
			);
			outputPaths = (
				"$(DERIVED_FILE_DIR)/Pods-InstaGLAMTests-checkManifestLockResult.txt",
			);
			runOnlyForDeploymentPostprocessing = 0;
			shellPath = /bin/sh;
			shellScript = "diff \"${PODS_PODFILE_DIR_PATH}/Podfile.lock\" \"${PODS_ROOT}/Manifest.lock\" > /dev/null\nif [ $? != 0 ] ; then\n    # print error to STDERR\n    echo \"error: The sandbox is not in sync with the Podfile.lock. Run 'pod install' or update your CocoaPods installation.\" >&2\n    exit 1\nfi\n# This output is used by Xcode 'outputs' to avoid re-running this script phase.\necho \"SUCCESS\" > \"${SCRIPT_OUTPUT_FILE_0}\"\n";
			showEnvVarsInLog = 0;
		};
		5DE9D5D3075F99F77FD120AC /* [CP] Embed Pods Frameworks */ = {
			isa = PBXShellScriptBuildPhase;
			buildActionMask = 2147483647;
			files = (
			);
			inputFileListPaths = (
				"${PODS_ROOT}/Target Support Files/Pods-InstaGLAM/Pods-InstaGLAM-frameworks-${CONFIGURATION}-input-files.xcfilelist",
			);
			name = "[CP] Embed Pods Frameworks";
			outputFileListPaths = (
				"${PODS_ROOT}/Target Support Files/Pods-InstaGLAM/Pods-InstaGLAM-frameworks-${CONFIGURATION}-output-files.xcfilelist",
			);
			runOnlyForDeploymentPostprocessing = 0;
			shellPath = /bin/sh;
			shellScript = "\"${PODS_ROOT}/Target Support Files/Pods-InstaGLAM/Pods-InstaGLAM-frameworks.sh\"\n";
			showEnvVarsInLog = 0;
		};
		A36FA00B1BDF52DCB5934EFE /* [CP] Check Pods Manifest.lock */ = {
			isa = PBXShellScriptBuildPhase;
			buildActionMask = 2147483647;
			files = (
			);
			inputFileListPaths = (
			);
			inputPaths = (
				"${PODS_PODFILE_DIR_PATH}/Podfile.lock",
				"${PODS_ROOT}/Manifest.lock",
			);
			name = "[CP] Check Pods Manifest.lock";
			outputFileListPaths = (
			);
			outputPaths = (
				"$(DERIVED_FILE_DIR)/Pods-InstaGLAM-InstaGLAMUITests-checkManifestLockResult.txt",
			);
			runOnlyForDeploymentPostprocessing = 0;
			shellPath = /bin/sh;
			shellScript = "diff \"${PODS_PODFILE_DIR_PATH}/Podfile.lock\" \"${PODS_ROOT}/Manifest.lock\" > /dev/null\nif [ $? != 0 ] ; then\n    # print error to STDERR\n    echo \"error: The sandbox is not in sync with the Podfile.lock. Run 'pod install' or update your CocoaPods installation.\" >&2\n    exit 1\nfi\n# This output is used by Xcode 'outputs' to avoid re-running this script phase.\necho \"SUCCESS\" > \"${SCRIPT_OUTPUT_FILE_0}\"\n";
			showEnvVarsInLog = 0;
		};
		DD1099F539B140C8AA935979 /* [CP] Embed Pods Frameworks */ = {
			isa = PBXShellScriptBuildPhase;
			buildActionMask = 2147483647;
			files = (
			);
			inputFileListPaths = (
				"${PODS_ROOT}/Target Support Files/Pods-InstaGLAM-InstaGLAMUITests/Pods-InstaGLAM-InstaGLAMUITests-frameworks-${CONFIGURATION}-input-files.xcfilelist",
			);
			name = "[CP] Embed Pods Frameworks";
			outputFileListPaths = (
				"${PODS_ROOT}/Target Support Files/Pods-InstaGLAM-InstaGLAMUITests/Pods-InstaGLAM-InstaGLAMUITests-frameworks-${CONFIGURATION}-output-files.xcfilelist",
			);
			runOnlyForDeploymentPostprocessing = 0;
			shellPath = /bin/sh;
			shellScript = "\"${PODS_ROOT}/Target Support Files/Pods-InstaGLAM-InstaGLAMUITests/Pods-InstaGLAM-InstaGLAMUITests-frameworks.sh\"\n";
			showEnvVarsInLog = 0;
		};
		E6B6002B9183AF7DF3822EF3 /* [CP] Check Pods Manifest.lock */ = {
			isa = PBXShellScriptBuildPhase;
			buildActionMask = 2147483647;
			files = (
			);
			inputFileListPaths = (
			);
			inputPaths = (
				"${PODS_PODFILE_DIR_PATH}/Podfile.lock",
				"${PODS_ROOT}/Manifest.lock",
			);
			name = "[CP] Check Pods Manifest.lock";
			outputFileListPaths = (
			);
			outputPaths = (
				"$(DERIVED_FILE_DIR)/Pods-InstaGLAM-checkManifestLockResult.txt",
			);
			runOnlyForDeploymentPostprocessing = 0;
			shellPath = /bin/sh;
			shellScript = "diff \"${PODS_PODFILE_DIR_PATH}/Podfile.lock\" \"${PODS_ROOT}/Manifest.lock\" > /dev/null\nif [ $? != 0 ] ; then\n    # print error to STDERR\n    echo \"error: The sandbox is not in sync with the Podfile.lock. Run 'pod install' or update your CocoaPods installation.\" >&2\n    exit 1\nfi\n# This output is used by Xcode 'outputs' to avoid re-running this script phase.\necho \"SUCCESS\" > \"${SCRIPT_OUTPUT_FILE_0}\"\n";
			showEnvVarsInLog = 0;
		};
/* End PBXShellScriptBuildPhase section */

/* Begin PBXSourcesBuildPhase section */
		B41688D2268E6CFC0069D938 /* Sources */ = {
			isa = PBXSourcesBuildPhase;
			buildActionMask = 2147483647;
			files = (
				B4168920268E71A60069D938 /* EditProfileViewController.swift in Sources */,
				B416894E268EA0C90069D938 /* AuthManager.swift in Sources */,
				B4168950268EA1630069D938 /* StorageManager.swift in Sources */,
				B4168949268E9A2B0069D938 /* HomeViewModel.swift in Sources */,
				B416890F268E6FA30069D938 /* ExploreViewController.swift in Sources */,
				B41688DE268E6CFC0069D938 /* HomeViewController.swift in Sources */,
				B4168913268E6FCB0069D938 /* NotificationViewController.swift in Sources */,
				B416894B268E9B9E0069D938 /* DatabaseManager.swift in Sources */,
				B41688DA268E6CFC0069D938 /* AppDelegate.swift in Sources */,
				B416891A268E70790069D938 /* LoginViewController.swift in Sources */,
				B416892A268E729F0069D938 /* EditPostsViewController.swift in Sources */,
				B4168915268E6FD70069D938 /* ProfileViewController.swift in Sources */,
				B416893D268E775A0069D938 /* String+Extension.swift in Sources */,
				B416893B268E772E0069D938 /* UIViewController+Extension.swift in Sources */,
				B4168928268E72490069D938 /* SearchResultViewController.swift in Sources */,
				B416891C268E70A20069D938 /* SignUpViewController.swift in Sources */,
				B4168926268E72360069D938 /* SearchViewController.swift in Sources */,
				B41688DC268E6CFC0069D938 /* SceneDelegate.swift in Sources */,
				B4168939268E76FF0069D938 /* UIView+Extension.swift in Sources */,
				B4168911268E6FBF0069D938 /* PostsViewController.swift in Sources */,
				B416891E268E71610069D938 /* PostDetailsViewController.swift in Sources */,
				B416892C268E72B70069D938 /* PublishPostsViewController.swift in Sources */,
				B4168924268E720A0069D938 /* FollowListViewController.swift in Sources */,
				B4168922268E71CA0069D938 /* SettingsViewController.swift in Sources */,
				B4168945268E96310069D938 /* LoginResponse.swift in Sources */,
			);
			runOnlyForDeploymentPostprocessing = 0;
		};
		B41688E8268E6CFF0069D938 /* Sources */ = {
			isa = PBXSourcesBuildPhase;
			buildActionMask = 2147483647;
			files = (
				B41688F1268E6CFF0069D938 /* InstaGLAMTests.swift in Sources */,
			);
			runOnlyForDeploymentPostprocessing = 0;
		};
		B41688F2268E6CFF0069D938 /* Sources */ = {
			isa = PBXSourcesBuildPhase;
			buildActionMask = 2147483647;
			files = (
				B41688FB268E6CFF0069D938 /* InstaGLAMUITests.swift in Sources */,
			);
			runOnlyForDeploymentPostprocessing = 0;
		};
/* End PBXSourcesBuildPhase section */

/* Begin PBXTargetDependency section */
		B41688EE268E6CFF0069D938 /* PBXTargetDependency */ = {
			isa = PBXTargetDependency;
			target = B41688D5268E6CFC0069D938 /* InstaGLAM */;
			targetProxy = B41688ED268E6CFF0069D938 /* PBXContainerItemProxy */;
		};
		B41688F8268E6CFF0069D938 /* PBXTargetDependency */ = {
			isa = PBXTargetDependency;
			target = B41688D5268E6CFC0069D938 /* InstaGLAM */;
			targetProxy = B41688F7268E6CFF0069D938 /* PBXContainerItemProxy */;
		};
/* End PBXTargetDependency section */

/* Begin PBXVariantGroup section */
		B41688DF268E6CFC0069D938 /* Main.storyboard */ = {
			isa = PBXVariantGroup;
			children = (
				B41688E0268E6CFC0069D938 /* Base */,
			);
			name = Main.storyboard;
			sourceTree = "<group>";
		};
		B41688E4268E6CFE0069D938 /* LaunchScreen.storyboard */ = {
			isa = PBXVariantGroup;
			children = (
				B41688E5268E6CFE0069D938 /* Base */,
			);
			name = LaunchScreen.storyboard;
			sourceTree = "<group>";
		};
/* End PBXVariantGroup section */

/* Begin XCBuildConfiguration section */
		B41688FC268E6CFF0069D938 /* Debug */ = {
			isa = XCBuildConfiguration;
			buildSettings = {
				ALWAYS_SEARCH_USER_PATHS = NO;
				CLANG_ANALYZER_NONNULL = YES;
				CLANG_ANALYZER_NUMBER_OBJECT_CONVERSION = YES_AGGRESSIVE;
				CLANG_CXX_LANGUAGE_STANDARD = "gnu++14";
				CLANG_CXX_LIBRARY = "libc++";
				CLANG_ENABLE_MODULES = YES;
				CLANG_ENABLE_OBJC_ARC = YES;
				CLANG_ENABLE_OBJC_WEAK = YES;
				CLANG_WARN_BLOCK_CAPTURE_AUTORELEASING = YES;
				CLANG_WARN_BOOL_CONVERSION = YES;
				CLANG_WARN_COMMA = YES;
				CLANG_WARN_CONSTANT_CONVERSION = YES;
				CLANG_WARN_DEPRECATED_OBJC_IMPLEMENTATIONS = YES;
				CLANG_WARN_DIRECT_OBJC_ISA_USAGE = YES_ERROR;
				CLANG_WARN_DOCUMENTATION_COMMENTS = YES;
				CLANG_WARN_EMPTY_BODY = YES;
				CLANG_WARN_ENUM_CONVERSION = YES;
				CLANG_WARN_INFINITE_RECURSION = YES;
				CLANG_WARN_INT_CONVERSION = YES;
				CLANG_WARN_NON_LITERAL_NULL_CONVERSION = YES;
				CLANG_WARN_OBJC_IMPLICIT_RETAIN_SELF = YES;
				CLANG_WARN_OBJC_LITERAL_CONVERSION = YES;
				CLANG_WARN_OBJC_ROOT_CLASS = YES_ERROR;
				CLANG_WARN_QUOTED_INCLUDE_IN_FRAMEWORK_HEADER = YES;
				CLANG_WARN_RANGE_LOOP_ANALYSIS = YES;
				CLANG_WARN_STRICT_PROTOTYPES = YES;
				CLANG_WARN_SUSPICIOUS_MOVE = YES;
				CLANG_WARN_UNGUARDED_AVAILABILITY = YES_AGGRESSIVE;
				CLANG_WARN_UNREACHABLE_CODE = YES;
				CLANG_WARN__DUPLICATE_METHOD_MATCH = YES;
				COPY_PHASE_STRIP = NO;
				DEBUG_INFORMATION_FORMAT = dwarf;
				ENABLE_STRICT_OBJC_MSGSEND = YES;
				ENABLE_TESTABILITY = YES;
				GCC_C_LANGUAGE_STANDARD = gnu11;
				GCC_DYNAMIC_NO_PIC = NO;
				GCC_NO_COMMON_BLOCKS = YES;
				GCC_OPTIMIZATION_LEVEL = 0;
				GCC_PREPROCESSOR_DEFINITIONS = (
					"DEBUG=1",
					"$(inherited)",
				);
				GCC_WARN_64_TO_32_BIT_CONVERSION = YES;
				GCC_WARN_ABOUT_RETURN_TYPE = YES_ERROR;
				GCC_WARN_UNDECLARED_SELECTOR = YES;
				GCC_WARN_UNINITIALIZED_AUTOS = YES_AGGRESSIVE;
				GCC_WARN_UNUSED_FUNCTION = YES;
				GCC_WARN_UNUSED_VARIABLE = YES;
				IPHONEOS_DEPLOYMENT_TARGET = 15.0;
				MTL_ENABLE_DEBUG_INFO = INCLUDE_SOURCE;
				MTL_FAST_MATH = YES;
				ONLY_ACTIVE_ARCH = YES;
				SDKROOT = iphoneos;
				SWIFT_ACTIVE_COMPILATION_CONDITIONS = DEBUG;
				SWIFT_OPTIMIZATION_LEVEL = "-Onone";
			};
			name = Debug;
		};
		B41688FD268E6CFF0069D938 /* Release */ = {
			isa = XCBuildConfiguration;
			buildSettings = {
				ALWAYS_SEARCH_USER_PATHS = NO;
				CLANG_ANALYZER_NONNULL = YES;
				CLANG_ANALYZER_NUMBER_OBJECT_CONVERSION = YES_AGGRESSIVE;
				CLANG_CXX_LANGUAGE_STANDARD = "gnu++14";
				CLANG_CXX_LIBRARY = "libc++";
				CLANG_ENABLE_MODULES = YES;
				CLANG_ENABLE_OBJC_ARC = YES;
				CLANG_ENABLE_OBJC_WEAK = YES;
				CLANG_WARN_BLOCK_CAPTURE_AUTORELEASING = YES;
				CLANG_WARN_BOOL_CONVERSION = YES;
				CLANG_WARN_COMMA = YES;
				CLANG_WARN_CONSTANT_CONVERSION = YES;
				CLANG_WARN_DEPRECATED_OBJC_IMPLEMENTATIONS = YES;
				CLANG_WARN_DIRECT_OBJC_ISA_USAGE = YES_ERROR;
				CLANG_WARN_DOCUMENTATION_COMMENTS = YES;
				CLANG_WARN_EMPTY_BODY = YES;
				CLANG_WARN_ENUM_CONVERSION = YES;
				CLANG_WARN_INFINITE_RECURSION = YES;
				CLANG_WARN_INT_CONVERSION = YES;
				CLANG_WARN_NON_LITERAL_NULL_CONVERSION = YES;
				CLANG_WARN_OBJC_IMPLICIT_RETAIN_SELF = YES;
				CLANG_WARN_OBJC_LITERAL_CONVERSION = YES;
				CLANG_WARN_OBJC_ROOT_CLASS = YES_ERROR;
				CLANG_WARN_QUOTED_INCLUDE_IN_FRAMEWORK_HEADER = YES;
				CLANG_WARN_RANGE_LOOP_ANALYSIS = YES;
				CLANG_WARN_STRICT_PROTOTYPES = YES;
				CLANG_WARN_SUSPICIOUS_MOVE = YES;
				CLANG_WARN_UNGUARDED_AVAILABILITY = YES_AGGRESSIVE;
				CLANG_WARN_UNREACHABLE_CODE = YES;
				CLANG_WARN__DUPLICATE_METHOD_MATCH = YES;
				COPY_PHASE_STRIP = NO;
				DEBUG_INFORMATION_FORMAT = "dwarf-with-dsym";
				ENABLE_NS_ASSERTIONS = NO;
				ENABLE_STRICT_OBJC_MSGSEND = YES;
				GCC_C_LANGUAGE_STANDARD = gnu11;
				GCC_NO_COMMON_BLOCKS = YES;
				GCC_WARN_64_TO_32_BIT_CONVERSION = YES;
				GCC_WARN_ABOUT_RETURN_TYPE = YES_ERROR;
				GCC_WARN_UNDECLARED_SELECTOR = YES;
				GCC_WARN_UNINITIALIZED_AUTOS = YES_AGGRESSIVE;
				GCC_WARN_UNUSED_FUNCTION = YES;
				GCC_WARN_UNUSED_VARIABLE = YES;
				IPHONEOS_DEPLOYMENT_TARGET = 15.0;
				MTL_ENABLE_DEBUG_INFO = NO;
				MTL_FAST_MATH = YES;
				SDKROOT = iphoneos;
				SWIFT_COMPILATION_MODE = wholemodule;
				SWIFT_OPTIMIZATION_LEVEL = "-O";
				VALIDATE_PRODUCT = YES;
			};
			name = Release;
		};
		B41688FF268E6CFF0069D938 /* Debug */ = {
			isa = XCBuildConfiguration;
			baseConfigurationReference = 21F1033A7019FCDC24D48F64 /* Pods-InstaGLAM.debug.xcconfig */;
			buildSettings = {
				ASSETCATALOG_COMPILER_APPICON_NAME = AppIcon;
				ASSETCATALOG_COMPILER_GLOBAL_ACCENT_COLOR_NAME = AccentColor;
				CODE_SIGN_STYLE = Automatic;
				CURRENT_PROJECT_VERSION = 1;
				DEVELOPMENT_TEAM = FR92VWWUNN;
				GENERATE_INFOPLIST_FILE = YES;
				INFOPLIST_FILE = InstaGLAM/Resources/Info.plist;
				INFOPLIST_KEY_UIApplicationSupportsIndirectInputEvents = YES;
				INFOPLIST_KEY_UILaunchStoryboardName = LaunchScreen;
				INFOPLIST_KEY_UIMainStoryboardFile = Main;
				INFOPLIST_KEY_UISupportedInterfaceOrientations_iPad = "UIInterfaceOrientationPortrait UIInterfaceOrientationPortraitUpsideDown UIInterfaceOrientationLandscapeLeft UIInterfaceOrientationLandscapeRight";
				INFOPLIST_KEY_UISupportedInterfaceOrientations_iPhone = "UIInterfaceOrientationPortrait UIInterfaceOrientationLandscapeLeft UIInterfaceOrientationLandscapeRight";
				LD_RUNPATH_SEARCH_PATHS = (
					"$(inherited)",
					"@executable_path/Frameworks",
				);
				MARKETING_VERSION = 1.0;
				PRODUCT_BUNDLE_IDENTIFIER = com.omokagbo.InstaGLAM;
				PRODUCT_NAME = "$(TARGET_NAME)";
				SWIFT_EMIT_LOC_STRINGS = YES;
				SWIFT_VERSION = 5.0;
				TARGETED_DEVICE_FAMILY = "1,2";
			};
			name = Debug;
		};
		B4168900268E6CFF0069D938 /* Release */ = {
			isa = XCBuildConfiguration;
			baseConfigurationReference = DDE887724077B0FF61CDE711 /* Pods-InstaGLAM.release.xcconfig */;
			buildSettings = {
				ASSETCATALOG_COMPILER_APPICON_NAME = AppIcon;
				ASSETCATALOG_COMPILER_GLOBAL_ACCENT_COLOR_NAME = AccentColor;
				CODE_SIGN_STYLE = Automatic;
				CURRENT_PROJECT_VERSION = 1;
				DEVELOPMENT_TEAM = FR92VWWUNN;
				GENERATE_INFOPLIST_FILE = YES;
				INFOPLIST_FILE = InstaGLAM/Resources/Info.plist;
				INFOPLIST_KEY_UIApplicationSupportsIndirectInputEvents = YES;
				INFOPLIST_KEY_UILaunchStoryboardName = LaunchScreen;
				INFOPLIST_KEY_UIMainStoryboardFile = Main;
				INFOPLIST_KEY_UISupportedInterfaceOrientations_iPad = "UIInterfaceOrientationPortrait UIInterfaceOrientationPortraitUpsideDown UIInterfaceOrientationLandscapeLeft UIInterfaceOrientationLandscapeRight";
				INFOPLIST_KEY_UISupportedInterfaceOrientations_iPhone = "UIInterfaceOrientationPortrait UIInterfaceOrientationLandscapeLeft UIInterfaceOrientationLandscapeRight";
				LD_RUNPATH_SEARCH_PATHS = (
					"$(inherited)",
					"@executable_path/Frameworks",
				);
				MARKETING_VERSION = 1.0;
				PRODUCT_BUNDLE_IDENTIFIER = com.omokagbo.InstaGLAM;
				PRODUCT_NAME = "$(TARGET_NAME)";
				SWIFT_EMIT_LOC_STRINGS = YES;
				SWIFT_VERSION = 5.0;
				TARGETED_DEVICE_FAMILY = "1,2";
			};
			name = Release;
		};
		B4168902268E6CFF0069D938 /* Debug */ = {
			isa = XCBuildConfiguration;
			baseConfigurationReference = 5AC1BEBBBE28A8F4B436CE81 /* Pods-InstaGLAMTests.debug.xcconfig */;
			buildSettings = {
				ALWAYS_EMBED_SWIFT_STANDARD_LIBRARIES = YES;
				BUNDLE_LOADER = "$(TEST_HOST)";
				CODE_SIGN_STYLE = Automatic;
				CURRENT_PROJECT_VERSION = 1;
				DEVELOPMENT_TEAM = FR92VWWUNN;
				GENERATE_INFOPLIST_FILE = YES;
				IPHONEOS_DEPLOYMENT_TARGET = 15.0;
				LD_RUNPATH_SEARCH_PATHS = (
					"$(inherited)",
					"@executable_path/Frameworks",
					"@loader_path/Frameworks",
				);
				MARKETING_VERSION = 1.0;
				PRODUCT_BUNDLE_IDENTIFIER = com.omokagbo.InstaGLAMTests;
				PRODUCT_NAME = "$(TARGET_NAME)";
				SWIFT_EMIT_LOC_STRINGS = NO;
				SWIFT_VERSION = 5.0;
				TARGETED_DEVICE_FAMILY = "1,2";
				TEST_HOST = "$(BUILT_PRODUCTS_DIR)/InstaGLAM.app/InstaGLAM";
			};
			name = Debug;
		};
		B4168903268E6CFF0069D938 /* Release */ = {
			isa = XCBuildConfiguration;
			baseConfigurationReference = 79C483CA3EF3B4E84BB53AF0 /* Pods-InstaGLAMTests.release.xcconfig */;
			buildSettings = {
				ALWAYS_EMBED_SWIFT_STANDARD_LIBRARIES = YES;
				BUNDLE_LOADER = "$(TEST_HOST)";
				CODE_SIGN_STYLE = Automatic;
				CURRENT_PROJECT_VERSION = 1;
				DEVELOPMENT_TEAM = FR92VWWUNN;
				GENERATE_INFOPLIST_FILE = YES;
				IPHONEOS_DEPLOYMENT_TARGET = 15.0;
				LD_RUNPATH_SEARCH_PATHS = (
					"$(inherited)",
					"@executable_path/Frameworks",
					"@loader_path/Frameworks",
				);
				MARKETING_VERSION = 1.0;
				PRODUCT_BUNDLE_IDENTIFIER = com.omokagbo.InstaGLAMTests;
				PRODUCT_NAME = "$(TARGET_NAME)";
				SWIFT_EMIT_LOC_STRINGS = NO;
				SWIFT_VERSION = 5.0;
				TARGETED_DEVICE_FAMILY = "1,2";
				TEST_HOST = "$(BUILT_PRODUCTS_DIR)/InstaGLAM.app/InstaGLAM";
			};
			name = Release;
		};
		B4168905268E6CFF0069D938 /* Debug */ = {
			isa = XCBuildConfiguration;
			baseConfigurationReference = 183916055D94657EDBE91352 /* Pods-InstaGLAM-InstaGLAMUITests.debug.xcconfig */;
			buildSettings = {
				ALWAYS_EMBED_SWIFT_STANDARD_LIBRARIES = YES;
				CODE_SIGN_STYLE = Automatic;
				CURRENT_PROJECT_VERSION = 1;
				DEVELOPMENT_TEAM = FR92VWWUNN;
				GENERATE_INFOPLIST_FILE = YES;
				LD_RUNPATH_SEARCH_PATHS = (
					"$(inherited)",
					"@executable_path/Frameworks",
					"@loader_path/Frameworks",
				);
				MARKETING_VERSION = 1.0;
				PRODUCT_BUNDLE_IDENTIFIER = com.omokagbo.InstaGLAMUITests;
				PRODUCT_NAME = "$(TARGET_NAME)";
				SWIFT_EMIT_LOC_STRINGS = NO;
				SWIFT_VERSION = 5.0;
				TARGETED_DEVICE_FAMILY = "1,2";
				TEST_TARGET_NAME = InstaGLAM;
			};
			name = Debug;
		};
		B4168906268E6CFF0069D938 /* Release */ = {
			isa = XCBuildConfiguration;
			baseConfigurationReference = 1363DE9DFBC446B43A6254D2 /* Pods-InstaGLAM-InstaGLAMUITests.release.xcconfig */;
			buildSettings = {
				ALWAYS_EMBED_SWIFT_STANDARD_LIBRARIES = YES;
				CODE_SIGN_STYLE = Automatic;
				CURRENT_PROJECT_VERSION = 1;
				DEVELOPMENT_TEAM = FR92VWWUNN;
				GENERATE_INFOPLIST_FILE = YES;
				LD_RUNPATH_SEARCH_PATHS = (
					"$(inherited)",
					"@executable_path/Frameworks",
					"@loader_path/Frameworks",
				);
				MARKETING_VERSION = 1.0;
				PRODUCT_BUNDLE_IDENTIFIER = com.omokagbo.InstaGLAMUITests;
				PRODUCT_NAME = "$(TARGET_NAME)";
				SWIFT_EMIT_LOC_STRINGS = NO;
				SWIFT_VERSION = 5.0;
				TARGETED_DEVICE_FAMILY = "1,2";
				TEST_TARGET_NAME = InstaGLAM;
			};
			name = Release;
		};
/* End XCBuildConfiguration section */

/* Begin XCConfigurationList section */
		B41688D1268E6CFB0069D938 /* Build configuration list for PBXProject "InstaGLAM" */ = {
			isa = XCConfigurationList;
			buildConfigurations = (
				B41688FC268E6CFF0069D938 /* Debug */,
				B41688FD268E6CFF0069D938 /* Release */,
			);
			defaultConfigurationIsVisible = 0;
			defaultConfigurationName = Release;
		};
		B41688FE268E6CFF0069D938 /* Build configuration list for PBXNativeTarget "InstaGLAM" */ = {
			isa = XCConfigurationList;
			buildConfigurations = (
				B41688FF268E6CFF0069D938 /* Debug */,
				B4168900268E6CFF0069D938 /* Release */,
			);
			defaultConfigurationIsVisible = 0;
			defaultConfigurationName = Release;
		};
		B4168901268E6CFF0069D938 /* Build configuration list for PBXNativeTarget "InstaGLAMTests" */ = {
			isa = XCConfigurationList;
			buildConfigurations = (
				B4168902268E6CFF0069D938 /* Debug */,
				B4168903268E6CFF0069D938 /* Release */,
			);
			defaultConfigurationIsVisible = 0;
			defaultConfigurationName = Release;
		};
		B4168904268E6CFF0069D938 /* Build configuration list for PBXNativeTarget "InstaGLAMUITests" */ = {
			isa = XCConfigurationList;
			buildConfigurations = (
				B4168905268E6CFF0069D938 /* Debug */,
				B4168906268E6CFF0069D938 /* Release */,
			);
			defaultConfigurationIsVisible = 0;
			defaultConfigurationName = Release;
		};
/* End XCConfigurationList section */

/* Begin XCRemoteSwiftPackageReference section */
		B4168951268EA2BE0069D938 /* XCRemoteSwiftPackageReference "firebase-ios-sdk" */ = {
			isa = XCRemoteSwiftPackageReference;
			repositoryURL = "https://github.com/firebase/firebase-ios-sdk";
			requirement = {
				kind = upToNextMajorVersion;
				minimumVersion = 7.0.0;
			};
		};
		B416896E268EAB270069D938 /* XCRemoteSwiftPackageReference "IQKeyboardManager" */ = {
			isa = XCRemoteSwiftPackageReference;
			repositoryURL = "https://github.com/hackiftekhar/IQKeyboardManager.git";
			requirement = {
				kind = upToNextMajorVersion;
				minimumVersion = 6.0.0;
			};
		};
		B4168971268EACA60069D938 /* XCRemoteSwiftPackageReference "Kingfisher" */ = {
			isa = XCRemoteSwiftPackageReference;
			repositoryURL = "https://github.com/onevcat/Kingfisher";
			requirement = {
				kind = upToNextMajorVersion;
				minimumVersion = 6.0.0;
			};
		};
/* End XCRemoteSwiftPackageReference section */

/* Begin XCSwiftPackageProductDependency section */
		B4168952268EA2BE0069D938 /* FirebaseAnalytics */ = {
			isa = XCSwiftPackageProductDependency;
			package = B4168951268EA2BE0069D938 /* XCRemoteSwiftPackageReference "firebase-ios-sdk" */;
			productName = FirebaseAnalytics;
		};
		B4168954268EA2BE0069D938 /* FirebaseAppDistribution-Beta */ = {
			isa = XCSwiftPackageProductDependency;
			package = B4168951268EA2BE0069D938 /* XCRemoteSwiftPackageReference "firebase-ios-sdk" */;
			productName = "FirebaseAppDistribution-Beta";
		};
		B4168956268EA2BE0069D938 /* FirebaseAuth */ = {
			isa = XCSwiftPackageProductDependency;
			package = B4168951268EA2BE0069D938 /* XCRemoteSwiftPackageReference "firebase-ios-sdk" */;
			productName = FirebaseAuth;
		};
		B4168958268EA2BE0069D938 /* FirebaseCrashlytics */ = {
			isa = XCSwiftPackageProductDependency;
			package = B4168951268EA2BE0069D938 /* XCRemoteSwiftPackageReference "firebase-ios-sdk" */;
			productName = FirebaseCrashlytics;
		};
		B416895A268EA2BE0069D938 /* FirebaseDatabase */ = {
			isa = XCSwiftPackageProductDependency;
			package = B4168951268EA2BE0069D938 /* XCRemoteSwiftPackageReference "firebase-ios-sdk" */;
			productName = FirebaseDatabase;
		};
		B416895C268EA2BE0069D938 /* FirebaseDynamicLinks */ = {
			isa = XCSwiftPackageProductDependency;
			package = B4168951268EA2BE0069D938 /* XCRemoteSwiftPackageReference "firebase-ios-sdk" */;
			productName = FirebaseDynamicLinks;
		};
		B416895E268EA2BE0069D938 /* FirebaseFirestore */ = {
			isa = XCSwiftPackageProductDependency;
			package = B4168951268EA2BE0069D938 /* XCRemoteSwiftPackageReference "firebase-ios-sdk" */;
			productName = FirebaseFirestore;
		};
		B4168960268EA2BE0069D938 /* FirebaseFunctions */ = {
			isa = XCSwiftPackageProductDependency;
			package = B4168951268EA2BE0069D938 /* XCRemoteSwiftPackageReference "firebase-ios-sdk" */;
			productName = FirebaseFunctions;
		};
		B4168962268EA2BE0069D938 /* FirebaseInAppMessaging-Beta */ = {
			isa = XCSwiftPackageProductDependency;
			package = B4168951268EA2BE0069D938 /* XCRemoteSwiftPackageReference "firebase-ios-sdk" */;
			productName = "FirebaseInAppMessaging-Beta";
		};
		B4168964268EA2BE0069D938 /* FirebaseInstallations */ = {
			isa = XCSwiftPackageProductDependency;
			package = B4168951268EA2BE0069D938 /* XCRemoteSwiftPackageReference "firebase-ios-sdk" */;
			productName = FirebaseInstallations;
		};
		B4168966268EA2BE0069D938 /* FirebaseMLModelDownloader */ = {
			isa = XCSwiftPackageProductDependency;
			package = B4168951268EA2BE0069D938 /* XCRemoteSwiftPackageReference "firebase-ios-sdk" */;
			productName = FirebaseMLModelDownloader;
		};
		B4168968268EA2BE0069D938 /* FirebaseMessaging */ = {
			isa = XCSwiftPackageProductDependency;
			package = B4168951268EA2BE0069D938 /* XCRemoteSwiftPackageReference "firebase-ios-sdk" */;
			productName = FirebaseMessaging;
		};
		B416896A268EA2BE0069D938 /* FirebaseRemoteConfig */ = {
			isa = XCSwiftPackageProductDependency;
			package = B4168951268EA2BE0069D938 /* XCRemoteSwiftPackageReference "firebase-ios-sdk" */;
			productName = FirebaseRemoteConfig;
		};
		B416896C268EA2BE0069D938 /* FirebaseStorage */ = {
			isa = XCSwiftPackageProductDependency;
			package = B4168951268EA2BE0069D938 /* XCRemoteSwiftPackageReference "firebase-ios-sdk" */;
			productName = FirebaseStorage;
		};
		B416896F268EAB270069D938 /* IQKeyboardManagerSwift */ = {
			isa = XCSwiftPackageProductDependency;
			package = B416896E268EAB270069D938 /* XCRemoteSwiftPackageReference "IQKeyboardManager" */;
			productName = IQKeyboardManagerSwift;
		};
		B4168972268EACA60069D938 /* Kingfisher */ = {
			isa = XCSwiftPackageProductDependency;
			package = B4168971268EACA60069D938 /* XCRemoteSwiftPackageReference "Kingfisher" */;
			productName = Kingfisher;
		};
/* End XCSwiftPackageProductDependency section */
	};
	rootObject = B41688CE268E6CFB0069D938 /* Project object */;
}
